# This is a Gradle generated file for dependency locking.
# Manual edits can break the build and are not advised.
# This file is expected to be part of source control.
com.apicatalog:titanium-json-ld:1.3.2=compileClasspath,runtimeClasspath,testCompileClasspath,testRuntimeClasspath
com.eed3si9n:shaded-jawn-parser_2.13:0.9.1=zinc
com.eed3si9n:shaded-scalajson_2.13:1.0.0-M4=zinc
com.eed3si9n:sjson-new-core_2.13:0.9.1=zinc
com.eed3si9n:sjson-new-scalajson_2.13:0.9.1=zinc
com.fasterxml.jackson.core:jackson-annotations:2.15.3=compileClasspath,runtimeClasspath,testCompileClasspath,testRuntimeClasspath
com.fasterxml.jackson.core:jackson-core:2.15.3=compileClasspath,runtimeClasspath,testCompileClasspath,testRuntimeClasspath
com.fasterxml.jackson.core:jackson-databind:2.15.3=compileClasspath,runtimeClasspath,testCompileClasspath,testRuntimeClasspath
com.fasterxml.jackson:jackson-bom:2.15.3=compileClasspath,runtimeClasspath,testCompileClasspath,testRuntimeClasspath
com.github.andrewoma.dexx:collection:0.7=compileClasspath,runtimeClasspath,testCompileClasspath,testRuntimeClasspath
com.github.ben-manes.caffeine:caffeine:3.1.8=compileClasspath,runtimeClasspath,testCompileClasspath,testRuntimeClasspath
com.github.jsonld-java:jsonld-java:0.13.4=compileClasspath,runtimeClasspath,testCompileClasspath,testRuntimeClasspath
com.google.code.gson:gson:2.10.1=compileClasspath,runtimeClasspath,testCompileClasspath,testRuntimeClasspath
com.google.errorprone:error_prone_annotations:2.21.1=compileClasspath,runtimeClasspath,testCompileClasspath,testRuntimeClasspath
com.google.protobuf:protobuf-java:3.24.3=compileClasspath,runtimeClasspath,testCompileClasspath,testRuntimeClasspath
com.lmax:disruptor:3.4.2=zinc
com.swoval:file-tree-views:2.1.10=zinc
commons-cli:commons-cli:1.5.0=compileClasspath,runtimeClasspath,testCompileClasspath,testRuntimeClasspath
commons-codec:commons-codec:1.16.0=compileClasspath,runtimeClasspath,testCompileClasspath,testRuntimeClasspath
commons-io:commons-io:2.14.0=compileClasspath,runtimeClasspath,testCompileClasspath,testRuntimeClasspath
io.github.java-diff-utils:java-diff-utils:4.12=zinc
net.java.dev.jna:jna-platform:5.13.0=zinc
net.java.dev.jna:jna:5.13.0=zinc
net.openhft:zero-allocation-hashing:0.10.1=zinc
org.apache.commons:commons-collections4:4.4=compileClasspath,runtimeClasspath,testCompileClasspath,testRuntimeClasspath
org.apache.commons:commons-compress:1.24.0=compileClasspath,runtimeClasspath,testCompileClasspath,testRuntimeClasspath
org.apache.commons:commons-csv:1.10.0=compileClasspath,runtimeClasspath,testCompileClasspath,testRuntimeClasspath
org.apache.commons:commons-lang3:3.13.0=compileClasspath,runtimeClasspath,testCompileClasspath,testRuntimeClasspath
org.apache.httpcomponents:httpclient-cache:4.5.14=compileClasspath,runtimeClasspath,testCompileClasspath,testRuntimeClasspath
org.apache.httpcomponents:httpclient:4.5.14=compileClasspath,runtimeClasspath,testCompileClasspath,testRuntimeClasspath
org.apache.httpcomponents:httpcore:4.4.16=compileClasspath,runtimeClasspath,testCompileClasspath,testRuntimeClasspath
org.apache.jena:jena-arq:4.10.0=compileClasspath,runtimeClasspath,testCompileClasspath,testRuntimeClasspath
org.apache.jena:jena-base:4.10.0=compileClasspath,runtimeClasspath,testCompileClasspath,testRuntimeClasspath
org.apache.jena:jena-core:4.10.0=compileClasspath,runtimeClasspath,testCompileClasspath,testRuntimeClasspath
org.apache.jena:jena-iri:4.10.0=compileClasspath,runtimeClasspath,testCompileClasspath,testRuntimeClasspath
org.apache.jena:jena-shacl:4.10.0=compileClasspath,runtimeClasspath,testCompileClasspath,testRuntimeClasspath
org.apache.logging.log4j:log4j-api:2.17.1=zinc
org.apache.logging.log4j:log4j-core:2.17.1=zinc
org.apache.thrift:libthrift:0.19.0=compileClasspath,runtimeClasspath,testCompileClasspath,testRuntimeClasspath
org.apiguardian:apiguardian-api:1.1.2=testCompileClasspath
org.checkerframework:checker-qual:3.37.0=compileClasspath,runtimeClasspath,testCompileClasspath,testRuntimeClasspath
org.fusesource.jansi:jansi:2.1.0=zinc
org.glassfish:jakarta.json:2.0.1=compileClasspath,runtimeClasspath,testCompileClasspath,testRuntimeClasspath
org.jline:jline-terminal-jansi:3.19.0=zinc
org.jline:jline-terminal-jna:3.19.0=zinc
org.jline:jline-terminal:3.19.0=zinc
org.jline:jline:3.22.0=zinc
org.junit.jupiter:junit-jupiter-api:5.10.2=testCompileClasspath,testRuntimeClasspath
org.junit.jupiter:junit-jupiter-engine:5.10.2=testRuntimeClasspath
org.junit.jupiter:junit-jupiter-params:5.10.2=testCompileClasspath,testRuntimeClasspath
org.junit.jupiter:junit-jupiter:5.10.2=testCompileClasspath,testRuntimeClasspath
org.junit.platform:junit-platform-commons:1.10.2=testCompileClasspath,testRuntimeClasspath
org.junit.platform:junit-platform-engine:1.10.2=testRuntimeClasspath
org.junit.platform:junit-platform-launcher:1.10.2=testRuntimeClasspath
org.junit:junit-bom:5.10.2=testCompileClasspath,testRuntimeClasspath
org.opentest4j:opentest4j:1.3.0=testCompileClasspath,testRuntimeClasspath
org.roaringbitmap:RoaringBitmap:1.0.0=compileClasspath,runtimeClasspath,testCompileClasspath,testRuntimeClasspath
org.scala-lang.modules:scala-parallel-collections_2.13:0.2.0=zinc
org.scala-lang.modules:scala-parser-combinators_2.13:1.1.2=zinc
org.scala-lang.modules:scala-xml_2.13:2.1.0=zinc
org.scala-lang:scala-compiler:2.13.11=zinc
org.scala-lang:scala-library:2.13.11=zinc
org.scala-lang:scala-library:2.13.12=compileClasspath,runtimeClasspath,testCompileClasspath,testRuntimeClasspath
org.scala-lang:scala-reflect:2.13.11=zinc
org.scala-lang:scala3-library_3:3.3.3=compileClasspath,runtimeClasspath,testCompileClasspath,testRuntimeClasspath
org.scala-sbt.jline:jline:2.14.7-sbt-a1b0ffbb8f64bb820f4f84a0c07a0c0964507493=zinc
org.scala-sbt:collections_2.13:1.9.2=zinc
org.scala-sbt:compiler-bridge_2.13:1.9.3=zinc
org.scala-sbt:compiler-interface:1.9.3=zinc
org.scala-sbt:core-macros_2.13:1.9.2=zinc
org.scala-sbt:io_2.13:1.9.1=zinc
org.scala-sbt:launcher-interface:1.4.2=zinc
org.scala-sbt:sbinary_2.13:0.5.1=zinc
org.scala-sbt:util-control_2.13:1.9.2=zinc
org.scala-sbt:util-interface:1.9.2=zinc
org.scala-sbt:util-logging_2.13:1.9.2=zinc
org.scala-sbt:util-position_2.13:1.9.2=zinc
org.scala-sbt:util-relation_2.13:1.9.2=zinc
org.scala-sbt:zinc-apiinfo_2.13:1.9.3=zinc
org.scala-sbt:zinc-classfile_2.13:1.9.3=zinc
org.scala-sbt:zinc-classpath_2.13:1.9.3=zinc
org.scala-sbt:zinc-compile-core_2.13:1.9.3=zinc
org.scala-sbt:zinc-core_2.13:1.9.3=zinc
org.scala-sbt:zinc-persist-core-assembly:1.9.3=zinc
org.scala-sbt:zinc-persist_2.13:1.9.3=zinc
org.scala-sbt:zinc_2.13:1.9.3=zinc
org.slf4j:jcl-over-slf4j:1.7.36=compileClasspath,runtimeClasspath,testCompileClasspath,testRuntimeClasspath
org.slf4j:slf4j-api:1.7.36=compileClasspath,testCompileClasspath
org.slf4j:slf4j-api:2.0.9=runtimeClasspath,testRuntimeClasspath
org.slf4j:slf4j-simple:2.0.9=runtimeClasspath,testRuntimeClasspath
empty=annotationProcessor,scalaCompilerPlugins,testAnnotationProcessor
